
Microsoft Visual Studio Solution File, Format Version 12.00
# Visual Studio 15
Project("{FAE04EC0-301F-11D3-BF4B-00C04F79EFBC}") = "Assembly-CSharp", "Assembly-CSharp.csproj", "{F2ADD8AC-8C99-A0AD-32B2-88C4D901038A}"
EndProject
Project("{FAE04EC0-301F-11D3-BF4B-00C04F79EFBC}") = "Assembly-CSharp-Editor", "Assembly-CSharp-Editor.csproj", "{0A311708-38C4-8D43-2872-AE4111362CB3}"
EndProject
Global
	GlobalSection(SolutionConfigurationPlatforms) = preSolution
		Debug|Any CPU = Debug|Any CPU
		Release|Any CPU = Release|Any CPU
	EndGlobalSection
	GlobalSection(ProjectConfigurationPlatforms) = postSolution
		{F2ADD8AC-8C99-A0AD-32B2-88C4D901038A}.Debug|Any CPU.ActiveCfg = Debug|Any CPU
		{F2ADD8AC-8C99-A0AD-32B2-88C4D901038A}.Debug|Any CPU.Build.0 = Debug|Any CPU
		{F2ADD8AC-8C99-A0AD-32B2-88C4D901038A}.Release|Any CPU.ActiveCfg = Release|Any CPU
		{F2ADD8AC-8C99-A0AD-32B2-88C4D901038A}.Release|Any CPU.Build.0 = Release|Any CPU
		{0A311708-38C4-8D43-2872-AE4111362CB3}.Debug|Any CPU.ActiveCfg = Debug|Any CPU
		{0A311708-38C4-8D43-2872-AE4111362CB3}.Debug|Any CPU.Build.0 = Debug|Any CPU
		{0A311708-38C4-8D43-2872-AE4111362CB3}.Release|Any CPU.ActiveCfg = Release|Any CPU
		{0A311708-38C4-8D43-2872-AE4111362CB3}.Release|Any CPU.Build.0 = Release|Any CPU
	EndGlobalSection
	GlobalSection(SolutionProperties) = preSolution
		HideSolutionNode = FALSE
	EndGlobalSection
EndGlobal
